
Microsoft Visual Studio Solution File, Format Version 12.00
# Visual Studio 14
VisualStudioVersion = 14.0.25420.1
MinimumVisualStudioVersion = 10.0.40219.1
Project("{FAE04EC0-301F-11D3-BF4B-00C04F79EFBC}") = "K2_Biblioteka", "K2_Biblioteka\K2_Biblioteka.csproj", "{97AEC35B-7371-4221-B42C-89337076916C}"
EndProject
Project("{FAE04EC0-301F-11D3-BF4B-00C04F79EFBC}") = "K2_Klijent", "K2_Klijent\K2_Klijent.csproj", "{C20C02A5-09FD-40D5-9F37-D02BD996A303}"
EndProject
Project("{FAE04EC0-301F-11D3-BF4B-00C04F79EFBC}") = "K2_Replikator", "K2_Replikator\K2_Replikator.csproj", "{2B5B443D-E8DA-480B-9F80-A350DD8B534D}"
EndProject
Project("{FAE04EC0-301F-11D3-BF4B-00C04F79EFBC}") = "K2_Servis", "K2_Servis\K2_Servis.csproj", "{4483E818-4432-4DD3-9D06-A5F2C578ABF1}"
EndProject
Global
	GlobalSection(SolutionConfigurationPlatforms) = preSolution
		Debug|Any CPU = Debug|Any CPU
		Release|Any CPU = Release|Any CPU
	EndGlobalSection
	GlobalSection(ProjectConfigurationPlatforms) = postSolution
		{97AEC35B-7371-4221-B42C-89337076916C}.Debug|Any CPU.ActiveCfg = Debug|Any CPU
		{97AEC35B-7371-4221-B42C-89337076916C}.Debug|Any CPU.Build.0 = Debug|Any CPU
		{97AEC35B-7371-4221-B42C-89337076916C}.Release|Any CPU.ActiveCfg = Release|Any CPU
		{97AEC35B-7371-4221-B42C-89337076916C}.Release|Any CPU.Build.0 = Release|Any CPU
		{C20C02A5-09FD-40D5-9F37-D02BD996A303}.Debug|Any CPU.ActiveCfg = Debug|Any CPU
		{C20C02A5-09FD-40D5-9F37-D02BD996A303}.Debug|Any CPU.Build.0 = Debug|Any CPU
		{C20C02A5-09FD-40D5-9F37-D02BD996A303}.Release|Any CPU.ActiveCfg = Release|Any CPU
		{C20C02A5-09FD-40D5-9F37-D02BD996A303}.Release|Any CPU.Build.0 = Release|Any CPU
		{2B5B443D-E8DA-480B-9F80-A350DD8B534D}.Debug|Any CPU.ActiveCfg = Debug|Any CPU
		{2B5B443D-E8DA-480B-9F80-A350DD8B534D}.Debug|Any CPU.Build.0 = Debug|Any CPU
		{2B5B443D-E8DA-480B-9F80-A350DD8B534D}.Release|Any CPU.ActiveCfg = Release|Any CPU
		{2B5B443D-E8DA-480B-9F80-A350DD8B534D}.Release|Any CPU.Build.0 = Release|Any CPU
		{4483E818-4432-4DD3-9D06-A5F2C578ABF1}.Debug|Any CPU.ActiveCfg = Debug|Any CPU
		{4483E818-4432-4DD3-9D06-A5F2C578ABF1}.Debug|Any CPU.Build.0 = Debug|Any CPU
		{4483E818-4432-4DD3-9D06-A5F2C578ABF1}.Release|Any CPU.ActiveCfg = Release|Any CPU
		{4483E818-4432-4DD3-9D06-A5F2C578ABF1}.Release|Any CPU.Build.0 = Release|Any CPU
	EndGlobalSection
	GlobalSection(SolutionProperties) = preSolution
		HideSolutionNode = FALSE
	EndGlobalSection
EndGlobal
